
Microsoft Visual Studio Solution File, Format Version 12.00
# Visual Studio Version 17
VisualStudioVersion = 17.11.35327.3
MinimumVisualStudioVersion = 10.0.40219.1
Project("{FAE04EC0-301F-11D3-BF4B-00C04F79EFBC}") = "EMPLEADOS_LIMPIEZA", "EMPLEADOS_LIMPIEZA\EMPLEADOS_LIMPIEZA.csproj", "{3682A84E-E740-470D-8640-1D8E27621B9C}"
EndProject
Global
	GlobalSection(SolutionConfigurationPlatforms) = preSolution
		Debug|Any CPU = Debug|Any CPU
		Release|Any CPU = Release|Any CPU
	EndGlobalSection
	GlobalSection(ProjectConfigurationPlatforms) = postSolution
		{3682A84E-E740-470D-8640-1D8E27621B9C}.Debug|Any CPU.ActiveCfg = Debug|Any CPU
		{3682A84E-E740-470D-8640-1D8E27621B9C}.Debug|Any CPU.Build.0 = Debug|Any CPU
		{3682A84E-E740-470D-8640-1D8E27621B9C}.Release|Any CPU.ActiveCfg = Release|Any CPU
		{3682A84E-E740-470D-8640-1D8E27621B9C}.Release|Any CPU.Build.0 = Release|Any CPU
	EndGlobalSection
	GlobalSection(SolutionProperties) = preSolution
		HideSolutionNode = FALSE
	EndGlobalSection
	GlobalSection(ExtensibilityGlobals) = postSolution
		SolutionGuid = {0362DA42-C4D7-4D62-8EAC-020FFE578808}
	EndGlobalSection
EndGlobal
